Microsoft Visual Studio Solution File, Format Version 12.00
# Visual Studio Version 17
VisualStudioVersion = 17.5.2.0
MinimumVisualStudioVersion = 10.0.40219.1
Project("{FAE04EC0-301F-11D3-BF4B-00C04F79EFBC}") = "ApiAcmePedidos", "ApiAcmePedidos.csproj", "{58CED563-B921-31C1-FD73-7846022ADDBC}"
EndProject
Global
	GlobalSection(SolutionConfigurationPlatforms) = preSolution
		Debug|Any CPU = Debug|Any CPU
		Release|Any CPU = Release|Any CPU
	EndGlobalSection
	GlobalSection(ProjectConfigurationPlatforms) = postSolution
		{58CED563-B921-31C1-FD73-7846022ADDBC}.Debug|Any CPU.ActiveCfg = Debug|Any CPU
		{58CED563-B921-31C1-FD73-7846022ADDBC}.Debug|Any CPU.Build.0 = Debug|Any CPU
		{58CED563-B921-31C1-FD73-7846022ADDBC}.Release|Any CPU.ActiveCfg = Release|Any CPU
		{58CED563-B921-31C1-FD73-7846022ADDBC}.Release|Any CPU.Build.0 = Release|Any CPU
	EndGlobalSection
	GlobalSection(SolutionProperties) = preSolution
		HideSolutionNode = FALSE
	EndGlobalSection
	GlobalSection(ExtensibilityGlobals) = postSolution
		SolutionGuid = {281CD9BA-3403-454B-8333-8AF98EC2CCD8}
	EndGlobalSection
EndGlobal
